// !$*UTF8*$!
{
	archiveVersion = 1;
	classes = {
	};
	objectVersion = 46;
	objects = {

/* Begin PBXBuildFile section */
		391499951DC9A74E00E8E22A /* HomeTableViewController.swift in Sources */ = {isa = PBXBuildFile; fileRef = 391499941DC9A74E00E8E22A /* HomeTableViewController.swift */; };
		391499971DC9A76C00E8E22A /* DiscoverTableViewController.swift in Sources */ = {isa = PBXBuildFile; fileRef = 391499961DC9A76C00E8E22A /* DiscoverTableViewController.swift */; };
		391499991DC9A77800E8E22A /* ComposeTableViewController.swift in Sources */ = {isa = PBXBuildFile; fileRef = 391499981DC9A77800E8E22A /* ComposeTableViewController.swift */; };
		3914999B1DC9A78B00E8E22A /* MessageTableViewController.swift in Sources */ = {isa = PBXBuildFile; fileRef = 3914999A1DC9A78B00E8E22A /* MessageTableViewController.swift */; };
		3914999D1DC9A79700E8E22A /* ProfileTableViewController.swift in Sources */ = {isa = PBXBuildFile; fileRef = 3914999C1DC9A79700E8E22A /* ProfileTableViewController.swift */; };
		3914999F1DC9BA7600E8E22A /* MainViewController.swift in Sources */ = {isa = PBXBuildFile; fileRef = 3914999E1DC9BA7600E8E22A /* MainViewController.swift */; };
		391499A31DC9BECF00E8E22A /* MainVCSettings.json in Resources */ = {isa = PBXBuildFile; fileRef = 391499A11DC9BECF00E8E22A /* MainVCSettings.json */; };
		391499A41DC9BECF00E8E22A /* NullViewController.swift in Sources */ = {isa = PBXBuildFile; fileRef = 391499A21DC9BECF00E8E22A /* NullViewController.swift */; };
		391499A61DC9E54500E8E22A /* UIButton + Extension.swift in Sources */ = {isa = PBXBuildFile; fileRef = 391499A51DC9E54500E8E22A /* UIButton + Extension.swift */; };
		391499AA1DCA09AA00E8E22A /* Storyboard.storyboard in Resources */ = {isa = PBXBuildFile; fileRef = 391499A91DCA09AA00E8E22A /* Storyboard.storyboard */; };
		391499AC1DCA0BE700E8E22A /* home.storyboard in Resources */ = {isa = PBXBuildFile; fileRef = 391499AB1DCA0BE700E8E22A /* home.storyboard */; };
		391499AE1DCA0BFE00E8E22A /* discover.storyboard in Resources */ = {isa = PBXBuildFile; fileRef = 391499AD1DCA0BFE00E8E22A /* discover.storyboard */; };
		391499B01DCA0C3D00E8E22A /* message.storyboard in Resources */ = {isa = PBXBuildFile; fileRef = 391499AF1DCA0C3D00E8E22A /* message.storyboard */; };
		391499B21DCA0C5300E8E22A /* profile.storyboard in Resources */ = {isa = PBXBuildFile; fileRef = 391499B11DCA0C5300E8E22A /* profile.storyboard */; };
		391499B41DCA103900E8E22A /* Null.storyboard in Resources */ = {isa = PBXBuildFile; fileRef = 391499B31DCA103900E8E22A /* Null.storyboard */; };
		39B37DA21DC8B98000202E2A /* AppDelegate.swift in Sources */ = {isa = PBXBuildFile; fileRef = 39B37DA11DC8B98000202E2A /* AppDelegate.swift */; };
		39B37DA91DC8B98000202E2A /* Assets.xcassets in Resources */ = {isa = PBXBuildFile; fileRef = 39B37DA81DC8B98000202E2A /* Assets.xcassets */; };
		39B37DAC1DC8B98000202E2A /* LaunchScreen.storyboard in Resources */ = {isa = PBXBuildFile; fileRef = 39B37DAA1DC8B98000202E2A /* LaunchScreen.storyboard */; };
		39B37DB71DC8B98000202E2A /* ZXWeiBoTests.swift in Sources */ = {isa = PBXBuildFile; fileRef = 39B37DB61DC8B98000202E2A /* ZXWeiBoTests.swift */; };
		39B37DC21DC8B98000202E2A /* ZXWeiBoUITests.swift in Sources */ = {isa = PBXBuildFile; fileRef = 39B37DC11DC8B98000202E2A /* ZXWeiBoUITests.swift */; };
		C21A24D05658D1383A18E7A5 /* Pods_ZXWeiBoTests.framework in Frameworks */ = {isa = PBXBuildFile; fileRef = 6A95B53D784F4368A7262181 /* Pods_ZXWeiBoTests.framework */; };
		CF6450274C8DC1D5C016B2BC /* Pods_ZXWeiBo.framework in Frameworks */ = {isa = PBXBuildFile; fileRef = ED8FAD73893343FA963BBA0E /* Pods_ZXWeiBo.framework */; };
		F3419E47B1E798D544071AD0 /* Pods_ZXWeiBoUITests.framework in Frameworks */ = {isa = PBXBuildFile; fileRef = 4F22007A8E1A67029FF5DBB4 /* Pods_ZXWeiBoUITests.framework */; };
/* End PBXBuildFile section */

/* Begin PBXContainerItemProxy section */
		39B37DB31DC8B98000202E2A /* PBXContainerItemProxy */ = {
			isa = PBXContainerItemProxy;
			containerPortal = 39B37D961DC8B98000202E2A /* Project object */;
			proxyType = 1;
			remoteGlobalIDString = 39B37D9D1DC8B98000202E2A;
			remoteInfo = ZXWeiBo;
		};
		39B37DBE1DC8B98000202E2A /* PBXContainerItemProxy */ = {
			isa = PBXContainerItemProxy;
			containerPortal = 39B37D961DC8B98000202E2A /* Project object */;
			proxyType = 1;
			remoteGlobalIDString = 39B37D9D1DC8B98000202E2A;
			remoteInfo = ZXWeiBo;
		};
/* End PBXContainerItemProxy section */

/* Begin PBXFileReference section */
		29ACEAF90809D689C4087E43 /* Pods-ZXWeiBoTests.release.xcconfig */ = {isa = PBXFileReference; includeInIndex = 1; lastKnownFileType = text.xcconfig; name = "Pods-ZXWeiBoTests.release.xcconfig"; path = "Pods/Target Support Files/Pods-ZXWeiBoTests/Pods-ZXWeiBoTests.release.xcconfig"; sourceTree = "<group>"; };
		35B9F3A837A7E28E11320DB8 /* Pods-ZXWeiBo.release.xcconfig */ = {isa = PBXFileReference; includeInIndex = 1; lastKnownFileType = text.xcconfig; name = "Pods-ZXWeiBo.release.xcconfig"; path = "Pods/Target Support Files/Pods-ZXWeiBo/Pods-ZXWeiBo.release.xcconfig"; sourceTree = "<group>"; };
		391499941DC9A74E00E8E22A /* HomeTableViewController.swift */ = {isa = PBXFileReference; fileEncoding = 4; lastKnownFileType = sourcecode.swift; path = HomeTableViewController.swift; sourceTree = "<group>"; };
		391499961DC9A76C00E8E22A /* DiscoverTableViewController.swift */ = {isa = PBXFileReference; fileEncoding = 4; lastKnownFileType = sourcecode.swift; path = DiscoverTableViewController.swift; sourceTree = "<group>"; };
		391499981DC9A77800E8E22A /* ComposeTableViewController.swift */ = {isa = PBXFileReference; fileEncoding = 4; lastKnownFileType = sourcecode.swift; path = ComposeTableViewController.swift; sourceTree = "<group>"; };
		3914999A1DC9A78B00E8E22A /* MessageTableViewController.swift */ = {isa = PBXFileReference; fileEncoding = 4; lastKnownFileType = sourcecode.swift; path = MessageTableViewController.swift; sourceTree = "<group>"; };
		3914999C1DC9A79700E8E22A /* ProfileTableViewController.swift */ = {isa = PBXFileReference; fileEncoding = 4; lastKnownFileType = sourcecode.swift; path = ProfileTableViewController.swift; sourceTree = "<group>"; };
		3914999E1DC9BA7600E8E22A /* MainViewController.swift */ = {isa = PBXFileReference; fileEncoding = 4; lastKnownFileType = sourcecode.swift; path = MainViewController.swift; sourceTree = "<group>"; };
		391499A11DC9BECF00E8E22A /* MainVCSettings.json */ = {isa = PBXFileReference; fileEncoding = 4; lastKnownFileType = text.json; path = MainVCSettings.json; sourceTree = "<group>"; };
		391499A21DC9BECF00E8E22A /* NullViewController.swift */ = {isa = PBXFileReference; fileEncoding = 4; lastKnownFileType = sourcecode.swift; path = NullViewController.swift; sourceTree = "<group>"; };
		391499A51DC9E54500E8E22A /* UIButton + Extension.swift */ = {isa = PBXFileReference; fileEncoding = 4; lastKnownFileType = sourcecode.swift; path = "UIButton + Extension.swift"; sourceTree = "<group>"; };
		391499A91DCA09AA00E8E22A /* Storyboard.storyboard */ = {isa = PBXFileReference; fileEncoding = 4; lastKnownFileType = file.storyboard; path = Storyboard.storyboard; sourceTree = "<group>"; };
		391499AB1DCA0BE700E8E22A /* home.storyboard */ = {isa = PBXFileReference; fileEncoding = 4; lastKnownFileType = file.storyboard; path = home.storyboard; sourceTree = "<group>"; };
		391499AD1DCA0BFE00E8E22A /* discover.storyboard */ = {isa = PBXFileReference; fileEncoding = 4; lastKnownFileType = file.storyboard; path = discover.storyboard; sourceTree = "<group>"; };
		391499AF1DCA0C3D00E8E22A /* message.storyboard */ = {isa = PBXFileReference; fileEncoding = 4; lastKnownFileType = file.storyboard; path = message.storyboard; sourceTree = "<group>"; };
		391499B11DCA0C5300E8E22A /* profile.storyboard */ = {isa = PBXFileReference; fileEncoding = 4; lastKnownFileType = file.storyboard; path = profile.storyboard; sourceTree = "<group>"; };
		391499B31DCA103900E8E22A /* Null.storyboard */ = {isa = PBXFileReference; fileEncoding = 4; lastKnownFileType = file.storyboard; path = Null.storyboard; sourceTree = "<group>"; };
		39B37D9E1DC8B98000202E2A /* ZXWeiBo.app */ = {isa = PBXFileReference; explicitFileType = wrapper.application; includeInIndex = 0; path = ZXWeiBo.app; sourceTree = BUILT_PRODUCTS_DIR; };
		39B37DA11DC8B98000202E2A /* AppDelegate.swift */ = {isa = PBXFileReference; lastKnownFileType = sourcecode.swift; path = AppDelegate.swift; sourceTree = "<group>"; };
		39B37DA81DC8B98000202E2A /* Assets.xcassets */ = {isa = PBXFileReference; lastKnownFileType = folder.assetcatalog; path = Assets.xcassets; sourceTree = "<group>"; };
		39B37DAB1DC8B98000202E2A /* Base */ = {isa = PBXFileReference; lastKnownFileType = file.storyboard; name = Base; path = Base.lproj/LaunchScreen.storyboard; sourceTree = "<group>"; };
		39B37DAD1DC8B98000202E2A /* Info.plist */ = {isa = PBXFileReference; lastKnownFileType = text.plist.xml; path = Info.plist; sourceTree = "<group>"; };
		39B37DB21DC8B98000202E2A /* ZXWeiBoTests.xctest */ = {isa = PBXFileReference; explicitFileType = wrapper.cfbundle; includeInIndex = 0; path = ZXWeiBoTests.xctest; sourceTree = BUILT_PRODUCTS_DIR; };
		39B37DB61DC8B98000202E2A /* ZXWeiBoTests.swift */ = {isa = PBXFileReference; lastKnownFileType = sourcecode.swift; path = ZXWeiBoTests.swift; sourceTree = "<group>"; };
		39B37DB81DC8B98000202E2A /* Info.plist */ = {isa = PBXFileReference; lastKnownFileType = text.plist.xml; path = Info.plist; sourceTree = "<group>"; };
		39B37DBD1DC8B98000202E2A /* ZXWeiBoUITests.xctest */ = {isa = PBXFileReference; explicitFileType = wrapper.cfbundle; includeInIndex = 0; path = ZXWeiBoUITests.xctest; sourceTree = BUILT_PRODUCTS_DIR; };
		39B37DC11DC8B98000202E2A /* ZXWeiBoUITests.swift */ = {isa = PBXFileReference; lastKnownFileType = sourcecode.swift; path = ZXWeiBoUITests.swift; sourceTree = "<group>"; };
		39B37DC31DC8B98000202E2A /* Info.plist */ = {isa = PBXFileReference; lastKnownFileType = text.plist.xml; path = Info.plist; sourceTree = "<group>"; };
		3EEC7FD2EFAE1B1CADCEB9C7 /* Pods-ZXWeiBoUITests.debug.xcconfig */ = {isa = PBXFileReference; includeInIndex = 1; lastKnownFileType = text.xcconfig; name = "Pods-ZXWeiBoUITests.debug.xcconfig"; path = "Pods/Target Support Files/Pods-ZXWeiBoUITests/Pods-ZXWeiBoUITests.debug.xcconfig"; sourceTree = "<group>"; };
		4F22007A8E1A67029FF5DBB4 /* Pods_ZXWeiBoUITests.framework */ = {isa = PBXFileReference; explicitFileType = wrapper.framework; includeInIndex = 0; path = Pods_ZXWeiBoUITests.framework; sourceTree = BUILT_PRODUCTS_DIR; };
		6A95B53D784F4368A7262181 /* Pods_ZXWeiBoTests.framework */ = {isa = PBXFileReference; explicitFileType = wrapper.framework; includeInIndex = 0; path = Pods_ZXWeiBoTests.framework; sourceTree = BUILT_PRODUCTS_DIR; };
		AB3CFCFAE2973C175BF2AA02 /* Pods-ZXWeiBoTests.debug.xcconfig */ = {isa = PBXFileReference; includeInIndex = 1; lastKnownFileType = text.xcconfig; name = "Pods-ZXWeiBoTests.debug.xcconfig"; path = "Pods/Target Support Files/Pods-ZXWeiBoTests/Pods-ZXWeiBoTests.debug.xcconfig"; sourceTree = "<group>"; };
		C67A0D91F10D5976E1C431D6 /* Pods-ZXWeiBoUITests.release.xcconfig */ = {isa = PBXFileReference; includeInIndex = 1; lastKnownFileType = text.xcconfig; name = "Pods-ZXWeiBoUITests.release.xcconfig"; path = "Pods/Target Support Files/Pods-ZXWeiBoUITests/Pods-ZXWeiBoUITests.release.xcconfig"; sourceTree = "<group>"; };
		CD5E6173C9C79E9718CC76EE /* Pods-ZXWeiBo.debug.xcconfig */ = {isa = PBXFileReference; includeInIndex = 1; lastKnownFileType = text.xcconfig; name = "Pods-ZXWeiBo.debug.xcconfig"; path = "Pods/Target Support Files/Pods-ZXWeiBo/Pods-ZXWeiBo.debug.xcconfig"; sourceTree = "<group>"; };
		ED8FAD73893343FA963BBA0E /* Pods_ZXWeiBo.framework */ = {isa = PBXFileReference; explicitFileType = wrapper.framework; includeInIndex = 0; path = Pods_ZXWeiBo.framework; sourceTree = BUILT_PRODUCTS_DIR; };
/* End PBXFileReference section */

/* Begin PBXFrameworksBuildPhase section */
		39B37D9B1DC8B98000202E2A /* Frameworks */ = {
			isa = PBXFrameworksBuildPhase;
			buildActionMask = 2147483647;
			files = (
				CF6450274C8DC1D5C016B2BC /* Pods_ZXWeiBo.framework in Frameworks */,
			);
			runOnlyForDeploymentPostprocessing = 0;
		};
		39B37DAF1DC8B98000202E2A /* Frameworks */ = {
			isa = PBXFrameworksBuildPhase;
			buildActionMask = 2147483647;
			files = (
				C21A24D05658D1383A18E7A5 /* Pods_ZXWeiBoTests.framework in Frameworks */,
			);
			runOnlyForDeploymentPostprocessing = 0;
		};
		39B37DBA1DC8B98000202E2A /* Frameworks */ = {
			isa = PBXFrameworksBuildPhase;
			buildActionMask = 2147483647;
			files = (
				F3419E47B1E798D544071AD0 /* Pods_ZXWeiBoUITests.framework in Frameworks */,
			);
			runOnlyForDeploymentPostprocessing = 0;
		};
/* End PBXFrameworksBuildPhase section */

/* Begin PBXGroup section */
		3914998C1DC9A72D00E8E22A /* Classes */ = {
			isa = PBXGroup;
			children = (
				3914998D1DC9A72D00E8E22A /* Compose */,
				3914998E1DC9A72D00E8E22A /* Discover */,
				3914998F1DC9A72D00E8E22A /* Home */,
				391499901DC9A72D00E8E22A /* Main */,
				391499911DC9A72D00E8E22A /* Message */,
				391499921DC9A72D00E8E22A /* Profile */,
				391499931DC9A72D00E8E22A /* Tools */,
			);
			path = Classes;
			sourceTree = "<group>";
		};
		3914998D1DC9A72D00E8E22A /* Compose */ = {
			isa = PBXGroup;
			children = (
				391499981DC9A77800E8E22A /* ComposeTableViewController.swift */,
			);
			path = Compose;
			sourceTree = "<group>";
		};
		3914998E1DC9A72D00E8E22A /* Discover */ = {
			isa = PBXGroup;
			children = (
				391499961DC9A76C00E8E22A /* DiscoverTableViewController.swift */,
			);
			path = Discover;
			sourceTree = "<group>";
		};
		3914998F1DC9A72D00E8E22A /* Home */ = {
			isa = PBXGroup;
			children = (
				391499941DC9A74E00E8E22A /* HomeTableViewController.swift */,
			);
			path = Home;
			sourceTree = "<group>";
		};
		391499901DC9A72D00E8E22A /* Main */ = {
			isa = PBXGroup;
			children = (
				391499A91DCA09AA00E8E22A /* Storyboard.storyboard */,
				391499B11DCA0C5300E8E22A /* profile.storyboard */,
				391499AF1DCA0C3D00E8E22A /* message.storyboard */,
				391499AD1DCA0BFE00E8E22A /* discover.storyboard */,
				391499AB1DCA0BE700E8E22A /* home.storyboard */,
				391499B31DCA103900E8E22A /* Null.storyboard */,
				391499A01DC9BECF00E8E22A /* Resource */,
				3914999E1DC9BA7600E8E22A /* MainViewController.swift */,
			);
			path = Main;
			sourceTree = "<group>";
		};
		391499911DC9A72D00E8E22A /* Message */ = {
			isa = PBXGroup;
			children = (
				3914999A1DC9A78B00E8E22A /* MessageTableViewController.swift */,
			);
			path = Message;
			sourceTree = "<group>";
		};
		391499921DC9A72D00E8E22A /* Profile */ = {
			isa = PBXGroup;
			children = (
				3914999C1DC9A79700E8E22A /* ProfileTableViewController.swift */,
			);
			path = Profile;
			sourceTree = "<group>";
		};
		391499931DC9A72D00E8E22A /* Tools */ = {
			isa = PBXGroup;
			children = (
				391499A51DC9E54500E8E22A /* UIButton + Extension.swift */,
			);
			path = Tools;
			sourceTree = "<group>";
		};
		391499A01DC9BECF00E8E22A /* Resource */ = {
			isa = PBXGroup;
			children = (
				391499A11DC9BECF00E8E22A /* MainVCSettings.json */,
				391499A21DC9BECF00E8E22A /* NullViewController.swift */,
			);
			path = Resource;
			sourceTree = "<group>";
		};
		39B37D951DC8B98000202E2A = {
			isa = PBXGroup;
			children = (
				39B37DA01DC8B98000202E2A /* ZXWeiBo */,
				39B37DB51DC8B98000202E2A /* ZXWeiBoTests */,
				39B37DC01DC8B98000202E2A /* ZXWeiBoUITests */,
				39B37D9F1DC8B98000202E2A /* Products */,
				E49BAA8D9CAAC5FF55B5581B /* Pods */,
				E1EF2FB13B428656F1DEA36E /* Frameworks */,
			);
			sourceTree = "<group>";
		};
		39B37D9F1DC8B98000202E2A /* Products */ = {
			isa = PBXGroup;
			children = (
				39B37D9E1DC8B98000202E2A /* ZXWeiBo.app */,
				39B37DB21DC8B98000202E2A /* ZXWeiBoTests.xctest */,
				39B37DBD1DC8B98000202E2A /* ZXWeiBoUITests.xctest */,
			);
			name = Products;
			sourceTree = "<group>";
		};
		39B37DA01DC8B98000202E2A /* ZXWeiBo */ = {
			isa = PBXGroup;
			children = (
				3914998C1DC9A72D00E8E22A /* Classes */,
				39B37DA81DC8B98000202E2A /* Assets.xcassets */,
				39B37DA11DC8B98000202E2A /* AppDelegate.swift */,
				39B37DAA1DC8B98000202E2A /* LaunchScreen.storyboard */,
				39B37DAD1DC8B98000202E2A /* Info.plist */,
			);
			path = ZXWeiBo;
			sourceTree = "<group>";
		};
		39B37DB51DC8B98000202E2A /* ZXWeiBoTests */ = {
			isa = PBXGroup;
			children = (
				39B37DB61DC8B98000202E2A /* ZXWeiBoTests.swift */,
				39B37DB81DC8B98000202E2A /* Info.plist */,
			);
			path = ZXWeiBoTests;
			sourceTree = "<group>";
		};
		39B37DC01DC8B98000202E2A /* ZXWeiBoUITests */ = {
			isa = PBXGroup;
			children = (
				39B37DC11DC8B98000202E2A /* ZXWeiBoUITests.swift */,
				39B37DC31DC8B98000202E2A /* Info.plist */,
			);
			path = ZXWeiBoUITests;
			sourceTree = "<group>";
		};
		E1EF2FB13B428656F1DEA36E /* Frameworks */ = {
			isa = PBXGroup;
			children = (
				ED8FAD73893343FA963BBA0E /* Pods_ZXWeiBo.framework */,
				6A95B53D784F4368A7262181 /* Pods_ZXWeiBoTests.framework */,
				4F22007A8E1A67029FF5DBB4 /* Pods_ZXWeiBoUITests.framework */,
			);
			name = Frameworks;
			sourceTree = "<group>";
		};
		E49BAA8D9CAAC5FF55B5581B /* Pods */ = {
			isa = PBXGroup;
			children = (
				CD5E6173C9C79E9718CC76EE /* Pods-ZXWeiBo.debug.xcconfig */,
				35B9F3A837A7E28E11320DB8 /* Pods-ZXWeiBo.release.xcconfig */,
				AB3CFCFAE2973C175BF2AA02 /* Pods-ZXWeiBoTests.debug.xcconfig */,
				29ACEAF90809D689C4087E43 /* Pods-ZXWeiBoTests.release.xcconfig */,
				3EEC7FD2EFAE1B1CADCEB9C7 /* Pods-ZXWeiBoUITests.debug.xcconfig */,
				C67A0D91F10D5976E1C431D6 /* Pods-ZXWeiBoUITests.release.xcconfig */,
			);
			name = Pods;
			sourceTree = "<group>";
		};
/* End PBXGroup section */

/* Begin PBXNativeTarget section */
		39B37D9D1DC8B98000202E2A /* ZXWeiBo */ = {
			isa = PBXNativeTarget;
			buildConfigurationList = 39B37DC61DC8B98000202E2A /* Build configuration list for PBXNativeTarget "ZXWeiBo" */;
			buildPhases = (
				58AC127F32C68BA8F094A4E3 /* [CP] Check Pods Manifest.lock */,
				39B37D9A1DC8B98000202E2A /* Sources */,
				39B37D9B1DC8B98000202E2A /* Frameworks */,
				39B37D9C1DC8B98000202E2A /* Resources */,
				8D292EB02680002C49A801C1 /* [CP] Embed Pods Frameworks */,
				3ABA38359A1509511F9900FB /* [CP] Copy Pods Resources */,
			);
			buildRules = (
			);
			dependencies = (
			);
			name = ZXWeiBo;
			productName = ZXWeiBo;
			productReference = 39B37D9E1DC8B98000202E2A /* ZXWeiBo.app */;
			productType = "com.apple.product-type.application";
		};
		39B37DB11DC8B98000202E2A /* ZXWeiBoTests */ = {
			isa = PBXNativeTarget;
			buildConfigurationList = 39B37DC91DC8B98000202E2A /* Build configuration list for PBXNativeTarget "ZXWeiBoTests" */;
			buildPhases = (
				867DC2142A3BC7EC54597CDB /* [CP] Check Pods Manifest.lock */,
				39B37DAE1DC8B98000202E2A /* Sources */,
				39B37DAF1DC8B98000202E2A /* Frameworks */,
				39B37DB01DC8B98000202E2A /* Resources */,
				33C3061240F2A3DDABC42227 /* [CP] Embed Pods Frameworks */,
				CA15F4B2DF8794B098D7388D /* [CP] Copy Pods Resources */,
			);
			buildRules = (
			);
			dependencies = (
				39B37DB41DC8B98000202E2A /* PBXTargetDependency */,
			);
			name = ZXWeiBoTests;
			productName = ZXWeiBoTests;
			productReference = 39B37DB21DC8B98000202E2A /* ZXWeiBoTests.xctest */;
			productType = "com.apple.product-type.bundle.unit-test";
		};
		39B37DBC1DC8B98000202E2A /* ZXWeiBoUITests */ = {
			isa = PBXNativeTarget;
			buildConfigurationList = 39B37DCC1DC8B98000202E2A /* Build configuration list for PBXNativeTarget "ZXWeiBoUITests" */;
			buildPhases = (
				487620BC8F53C68B885B9B8F /* [CP] Check Pods Manifest.lock */,
				39B37DB91DC8B98000202E2A /* Sources */,
				39B37DBA1DC8B98000202E2A /* Frameworks */,
				39B37DBB1DC8B98000202E2A /* Resources */,
				1C190AEECE4E5DB6D1A643D9 /* [CP] Embed Pods Frameworks */,
				2529CAC677D3BA11069EB276 /* [CP] Copy Pods Resources */,
			);
			buildRules = (
			);
			dependencies = (
				39B37DBF1DC8B98000202E2A /* PBXTargetDependency */,
			);
			name = ZXWeiBoUITests;
			productName = ZXWeiBoUITests;
			productReference = 39B37DBD1DC8B98000202E2A /* ZXWeiBoUITests.xctest */;
			productType = "com.apple.product-type.bundle.ui-testing";
		};
/* End PBXNativeTarget section */

/* Begin PBXProject section */
		39B37D961DC8B98000202E2A /* Project object */ = {
			isa = PBXProject;
			attributes = {
				LastSwiftUpdateCheck = 0810;
				LastUpgradeCheck = 0810;
				ORGANIZATIONNAME = zhuxing;
				TargetAttributes = {
					39B37D9D1DC8B98000202E2A = {
						CreatedOnToolsVersion = 8.1;
						DevelopmentTeam = KP2EZ9LGC6;
						ProvisioningStyle = Automatic;
					};
					39B37DB11DC8B98000202E2A = {
						CreatedOnToolsVersion = 8.1;
						DevelopmentTeam = KP2EZ9LGC6;
						ProvisioningStyle = Automatic;
						TestTargetID = 39B37D9D1DC8B98000202E2A;
					};
					39B37DBC1DC8B98000202E2A = {
						CreatedOnToolsVersion = 8.1;
						DevelopmentTeam = KP2EZ9LGC6;
						ProvisioningStyle = Automatic;
						TestTargetID = 39B37D9D1DC8B98000202E2A;
					};
				};
			};
			buildConfigurationList = 39B37D991DC8B98000202E2A /* Build configuration list for PBXProject "ZXWeiBo" */;
			compatibilityVersion = "Xcode 3.2";
			developmentRegion = English;
			hasScannedForEncodings = 0;
			knownRegions = (
				en,
				Base,
			);
			mainGroup = 39B37D951DC8B98000202E2A;
			productRefGroup = 39B37D9F1DC8B98000202E2A /* Products */;
			projectDirPath = "";
			projectRoot = "";
			targets = (
				39B37D9D1DC8B98000202E2A /* ZXWeiBo */,
				39B37DB11DC8B98000202E2A /* ZXWeiBoTests */,
				39B37DBC1DC8B98000202E2A /* ZXWeiBoUITests */,
			);
		};
/* End PBXProject section */

/* Begin PBXResourcesBuildPhase section */
		39B37D9C1DC8B98000202E2A /* Resources */ = {
			isa = PBXResourcesBuildPhase;
			buildActionMask = 2147483647;
			files = (
				391499AC1DCA0BE700E8E22A /* home.storyboard in Resources */,
				391499B01DCA0C3D00E8E22A /* message.storyboard in Resources */,
				391499B21DCA0C5300E8E22A /* profile.storyboard in Resources */,
				39B37DAC1DC8B98000202E2A /* LaunchScreen.storyboard in Resources */,
				391499AA1DCA09AA00E8E22A /* Storyboard.storyboard in Resources */,
				391499B41DCA103900E8E22A /* Null.storyboard in Resources */,
				391499AE1DCA0BFE00E8E22A /* discover.storyboard in Resources */,
				39B37DA91DC8B98000202E2A /* Assets.xcassets in Resources */,
				391499A31DC9BECF00E8E22A /* MainVCSettings.json in Resources */,
			);
			runOnlyForDeploymentPostprocessing = 0;
		};
		39B37DB01DC8B98000202E2A /* Resources */ = {
			isa = PBXResourcesBuildPhase;
			buildActionMask = 2147483647;
			files = (
			);
			runOnlyForDeploymentPostprocessing = 0;
		};
		39B37DBB1DC8B98000202E2A /* Resources */ = {
			isa = PBXResourcesBuildPhase;
			buildActionMask = 2147483647;
			files = (
			);
			runOnlyForDeploymentPostprocessing = 0;
		};
/* End PBXResourcesBuildPhase section */

/* Begin PBXShellScriptBuildPhase section */
		1C190AEECE4E5DB6D1A643D9 /* [CP] Embed Pods Frameworks */ = {
			isa = PBXShellScriptBuildPhase;
			buildActionMask = 2147483647;
			files = (
			);
			inputPaths = (
			);
			name = "[CP] Embed Pods Frameworks";
			outputPaths = (
			);
			runOnlyForDeploymentPostprocessing = 0;
			shellPath = /bin/sh;
			shellScript = "\"${SRCROOT}/Pods/Target Support Files/Pods-ZXWeiBoUITests/Pods-ZXWeiBoUITests-frameworks.sh\"\n";
			showEnvVarsInLog = 0;
		};
		2529CAC677D3BA11069EB276 /* [CP] Copy Pods Resources */ = {
			isa = PBXShellScriptBuildPhase;
			buildActionMask = 2147483647;
			files = (
			);
			inputPaths = (
			);
			name = "[CP] Copy Pods Resources";
			outputPaths = (
			);
			runOnlyForDeploymentPostprocessing = 0;
			shellPath = /bin/sh;
			shellScript = "\"${SRCROOT}/Pods/Target Support Files/Pods-ZXWeiBoUITests/Pods-ZXWeiBoUITests-resources.sh\"\n";
			showEnvVarsInLog = 0;
		};
		33C3061240F2A3DDABC42227 /* [CP] Embed Pods Frameworks */ = {
			isa = PBXShellScriptBuildPhase;
			buildActionMask = 2147483647;
			files = (
			);
			inputPaths = (
			);
			name = "[CP] Embed Pods Frameworks";
			outputPaths = (
			);
			runOnlyForDeploymentPostprocessing = 0;
			shellPath = /bin/sh;
			shellScript = "\"${SRCROOT}/Pods/Target Support Files/Pods-ZXWeiBoTests/Pods-ZXWeiBoTests-frameworks.sh\"\n";
			showEnvVarsInLog = 0;
		};
		3ABA38359A1509511F9900FB /* [CP] Copy Pods Resources */ = {
			isa = PBXShellScriptBuildPhase;
			buildActionMask = 2147483647;
			files = (
			);
			inputPaths = (
			);
			name = "[CP] Copy Pods Resources";
			outputPaths = (
			);
			runOnlyForDeploymentPostprocessing = 0;
			shellPath = /bin/sh;
			shellScript = "\"${SRCROOT}/Pods/Target Support Files/Pods-ZXWeiBo/Pods-ZXWeiBo-resources.sh\"\n";
			showEnvVarsInLog = 0;
		};
		487620BC8F53C68B885B9B8F /* [CP] Check Pods Manifest.lock */ = {
			isa = PBXShellScriptBuildPhase;
			buildActionMask = 2147483647;
			files = (
			);
			inputPaths = (
			);
			name = "[CP] Check Pods Manifest.lock";
			outputPaths = (
			);
			runOnlyForDeploymentPostprocessing = 0;
			shellPath = /bin/sh;
			shellScript = "diff \"${PODS_ROOT}/../Podfile.lock\" \"${PODS_ROOT}/Manifest.lock\" > /dev/null\nif [ $? != 0 ] ; then\n    # print error to STDERR\n    echo \"error: The sandbox is not in sync with the Podfile.lock. Run 'pod install' or update your CocoaPods installation.\" >&2\n    exit 1\nfi\n";
			showEnvVarsInLog = 0;
		};
		58AC127F32C68BA8F094A4E3 /* [CP] Check Pods Manifest.lock */ = {
			isa = PBXShellScriptBuildPhase;
			buildActionMask = 2147483647;
			files = (
			);
			inputPaths = (
			);
			name = "[CP] Check Pods Manifest.lock";
			outputPaths = (
			);
			runOnlyForDeploymentPostprocessing = 0;
			shellPath = /bin/sh;
			shellScript = "diff \"${PODS_ROOT}/../Podfile.lock\" \"${PODS_ROOT}/Manifest.lock\" > /dev/null\nif [ $? != 0 ] ; then\n    # print error to STDERR\n    echo \"error: The sandbox is not in sync with the Podfile.lock. Run 'pod install' or update your CocoaPods installation.\" >&2\n    exit 1\nfi\n";
			showEnvVarsInLog = 0;
		};
		867DC2142A3BC7EC54597CDB /* [CP] Check Pods Manifest.lock */ = {
			isa = PBXShellScriptBuildPhase;
			buildActionMask = 2147483647;
			files = (
			);
			inputPaths = (
			);
			name = "[CP] Check Pods Manifest.lock";
			outputPaths = (
			);
			runOnlyForDeploymentPostprocessing = 0;
			shellPath = /bin/sh;
			shellScript = "diff \"${PODS_ROOT}/../Podfile.lock\" \"${PODS_ROOT}/Manifest.lock\" > /dev/null\nif [ $? != 0 ] ; then\n    # print error to STDERR\n    echo \"error: The sandbox is not in sync with the Podfile.lock. Run 'pod install' or update your CocoaPods installation.\" >&2\n    exit 1\nfi\n";
			showEnvVarsInLog = 0;
		};
		8D292EB02680002C49A801C1 /* [CP] Embed Pods Frameworks */ = {
			isa = PBXShellScriptBuildPhase;
			buildActionMask = 2147483647;
			files = (
			);
			inputPaths = (
			);
			name = "[CP] Embed Pods Frameworks";
			outputPaths = (
			);
			runOnlyForDeploymentPostprocessing = 0;
			shellPath = /bin/sh;
			shellScript = "\"${SRCROOT}/Pods/Target Support Files/Pods-ZXWeiBo/Pods-ZXWeiBo-frameworks.sh\"\n";
			showEnvVarsInLog = 0;
		};
		CA15F4B2DF8794B098D7388D /* [CP] Copy Pods Resources */ = {
			isa = PBXShellScriptBuildPhase;
			buildActionMask = 2147483647;
			files = (
			);
			inputPaths = (
			);
			name = "[CP] Copy Pods Resources";
			outputPaths = (
			);
			runOnlyForDeploymentPostprocessing = 0;
			shellPath = /bin/sh;
			shellScript = "\"${SRCROOT}/Pods/Target Support Files/Pods-ZXWeiBoTests/Pods-ZXWeiBoTests-resources.sh\"\n";
			showEnvVarsInLog = 0;
		};
/* End PBXShellScriptBuildPhase section */

/* Begin PBXSourcesBuildPhase section */
		39B37D9A1DC8B98000202E2A /* Sources */ = {
			isa = PBXSourcesBuildPhase;
			buildActionMask = 2147483647;
			files = (
				3914999D1DC9A79700E8E22A /* ProfileTableViewController.swift in Sources */,
				391499951DC9A74E00E8E22A /* HomeTableViewController.swift in Sources */,
				39B37DA21DC8B98000202E2A /* AppDelegate.swift in Sources */,
				391499971DC9A76C00E8E22A /* DiscoverTableViewController.swift in Sources */,
				3914999B1DC9A78B00E8E22A /* MessageTableViewController.swift in Sources */,
				391499A61DC9E54500E8E22A /* UIButton + Extension.swift in Sources */,
				391499A41DC9BECF00E8E22A /* NullViewController.swift in Sources */,
				391499991DC9A77800E8E22A /* ComposeTableViewController.swift in Sources */,
				3914999F1DC9BA7600E8E22A /* MainViewController.swift in Sources */,
			);
			runOnlyForDeploymentPostprocessing = 0;
		};
		39B37DAE1DC8B98000202E2A /* Sources */ = {
			isa = PBXSourcesBuildPhase;
			buildActionMask = 2147483647;
			files = (
				39B37DB71DC8B98000202E2A /* ZXWeiBoTests.swift in Sources */,
			);
			runOnlyForDeploymentPostprocessing = 0;
		};
		39B37DB91DC8B98000202E2A /* Sources */ = {
			isa = PBXSourcesBuildPhase;
			buildActionMask = 2147483647;
			files = (
				39B37DC21DC8B98000202E2A /* ZXWeiBoUITests.swift in Sources */,
			);
			runOnlyForDeploymentPostprocessing = 0;
		};
/* End PBXSourcesBuildPhase section */

/* Begin PBXTargetDependency section */
		39B37DB41DC8B98000202E2A /* PBXTargetDependency */ = {
			isa = PBXTargetDependency;
			target = 39B37D9D1DC8B98000202E2A /* ZXWeiBo */;
			targetProxy = 39B37DB31DC8B98000202E2A /* PBXContainerItemProxy */;
		};
		39B37DBF1DC8B98000202E2A /* PBXTargetDependency */ = {
			isa = PBXTargetDependency;
			target = 39B37D9D1DC8B98000202E2A /* ZXWeiBo */;
			targetProxy = 39B37DBE1DC8B98000202E2A /* PBXContainerItemProxy */;
		};
/* End PBXTargetDependency section */

/* Begin PBXVariantGroup section */
		39B37DAA1DC8B98000202E2A /* LaunchScreen.storyboard */ = {
			isa = PBXVariantGroup;
			children = (
				39B37DAB1DC8B98000202E2A /* Base */,
			);
			name = LaunchScreen.storyboard;
			sourceTree = "<group>";
		};
/* End PBXVariantGroup section */

/* Begin XCBuildConfiguration section */
		39B37DC41DC8B98000202E2A /* Debug */ = {
			isa = XCBuildConfiguration;
			buildSettings = {
				ALWAYS_SEARCH_USER_PATHS = NO;
				CLANG_ANALYZER_NONNULL = YES;
				CLANG_CXX_LANGUAGE_STANDARD = "gnu++0x";
				CLANG_CXX_LIBRARY = "libc++";
				CLANG_ENABLE_MODULES = YES;
				CLANG_ENABLE_OBJC_ARC = YES;
				CLANG_WARN_BOOL_CONVERSION = YES;
				CLANG_WARN_CONSTANT_CONVERSION = YES;
				CLANG_WARN_DIRECT_OBJC_ISA_USAGE = YES_ERROR;
				CLANG_WARN_DOCUMENTATION_COMMENTS = YES;
				CLANG_WARN_EMPTY_BODY = YES;
				CLANG_WARN_ENUM_CONVERSION = YES;
				CLANG_WARN_INFINITE_RECURSION = YES;
				CLANG_WARN_INT_CONVERSION = YES;
				CLANG_WARN_OBJC_ROOT_CLASS = YES_ERROR;
				CLANG_WARN_SUSPICIOUS_MOVES = YES;
				CLANG_WARN_UNREACHABLE_CODE = YES;
				CLANG_WARN__DUPLICATE_METHOD_MATCH = YES;
				"CODE_SIGN_IDENTITY[sdk=iphoneos*]" = "iPhone Developer";
				COPY_PHASE_STRIP = NO;
				DEBUG_INFORMATION_FORMAT = dwarf;
				ENABLE_STRICT_OBJC_MSGSEND = YES;
				ENABLE_TESTABILITY = YES;
				GCC_C_LANGUAGE_STANDARD = gnu99;
				GCC_DYNAMIC_NO_PIC = NO;
				GCC_NO_COMMON_BLOCKS = YES;
				GCC_OPTIMIZATION_LEVEL = 0;
				GCC_PREPROCESSOR_DEFINITIONS = (
					"DEBUG=1",
					"$(inherited)",
				);
				GCC_WARN_64_TO_32_BIT_CONVERSION = YES;
				GCC_WARN_ABOUT_RETURN_TYPE = YES_ERROR;
				GCC_WARN_UNDECLARED_SELECTOR = YES;
				GCC_WARN_UNINITIALIZED_AUTOS = YES_AGGRESSIVE;
				GCC_WARN_UNUSED_FUNCTION = YES;
				GCC_WARN_UNUSED_VARIABLE = YES;
				IPHONEOS_DEPLOYMENT_TARGET = 10.1;
				MTL_ENABLE_DEBUG_INFO = YES;
				ONLY_ACTIVE_ARCH = YES;
				SDKROOT = iphoneos;
				SWIFT_ACTIVE_COMPILATION_CONDITIONS = DEBUG;
				SWIFT_OPTIMIZATION_LEVEL = "-Onone";
				TARGETED_DEVICE_FAMILY = "1,2";
			};
			name = Debug;
		};
		39B37DC51DC8B98000202E2A /* Release */ = {
			isa = XCBuildConfiguration;
			buildSettings = {
				ALWAYS_SEARCH_USER_PATHS = NO;
				CLANG_ANALYZER_NONNULL = YES;
				CLANG_CXX_LANGUAGE_STANDARD = "gnu++0x";
				CLANG_CXX_LIBRARY = "libc++";
				CLANG_ENABLE_MODULES = YES;
				CLANG_ENABLE_OBJC_ARC = YES;
				CLANG_WARN_BOOL_CONVERSION = YES;
				CLANG_WARN_CONSTANT_CONVERSION = YES;
				CLANG_WARN_DIRECT_OBJC_ISA_USAGE = YES_ERROR;
				CLANG_WARN_DOCUMENTATION_COMMENTS = YES;
				CLANG_WARN_EMPTY_BODY = YES;
				CLANG_WARN_ENUM_CONVERSION = YES;
				CLANG_WARN_INFINITE_RECURSION = YES;
				CLANG_WARN_INT_CONVERSION = YES;
				CLANG_WARN_OBJC_ROOT_CLASS = YES_ERROR;
				CLANG_WARN_SUSPICIOUS_MOVES = YES;
				CLANG_WARN_UNREACHABLE_CODE = YES;
				CLANG_WARN__DUPLICATE_METHOD_MATCH = YES;
				"CODE_SIGN_IDENTITY[sdk=iphoneos*]" = "iPhone Developer";
				COPY_PHASE_STRIP = NO;
				DEBUG_INFORMATION_FORMAT = "dwarf-with-dsym";
				ENABLE_NS_ASSERTIONS = NO;
				ENABLE_STRICT_OBJC_MSGSEND = YES;
				GCC_C_LANGUAGE_STANDARD = gnu99;
				GCC_NO_COMMON_BLOCKS = YES;
				GCC_WARN_64_TO_32_BIT_CONVERSION = YES;
				GCC_WARN_ABOUT_RETURN_TYPE = YES_ERROR;
				GCC_WARN_UNDECLARED_SELECTOR = YES;
				GCC_WARN_UNINITIALIZED_AUTOS = YES_AGGRESSIVE;
				GCC_WARN_UNUSED_FUNCTION = YES;
				GCC_WARN_UNUSED_VARIABLE = YES;
				IPHONEOS_DEPLOYMENT_TARGET = 10.1;
				MTL_ENABLE_DEBUG_INFO = NO;
				SDKROOT = iphoneos;
				SWIFT_OPTIMIZATION_LEVEL = "-Owholemodule";
				TARGETED_DEVICE_FAMILY = "1,2";
				VALIDATE_PRODUCT = YES;
			};
			name = Release;
		};
		39B37DC71DC8B98000202E2A /* Debug */ = {
			isa = XCBuildConfiguration;
			baseConfigurationReference = CD5E6173C9C79E9718CC76EE /* Pods-ZXWeiBo.debug.xcconfig */;
			buildSettings = {
				ASSETCATALOG_COMPILER_APPICON_NAME = AppIcon;
				DEVELOPMENT_TEAM = KP2EZ9LGC6;
				INFOPLIST_FILE = ZXWeiBo/Info.plist;
				LD_RUNPATH_SEARCH_PATHS = "$(inherited) @executable_path/Frameworks";
				PRODUCT_BUNDLE_IDENTIFIER = com.zhuxing.ZXWeiBo;
				PRODUCT_NAME = ZXWeiBo;
				SWIFT_VERSION = 3.0;
			};
			name = Debug;
		};
		39B37DC81DC8B98000202E2A /* Release */ = {
			isa = XCBuildConfiguration;
			baseConfigurationReference = 35B9F3A837A7E28E11320DB8 /* Pods-ZXWeiBo.release.xcconfig */;
			buildSettings = {
				ASSETCATALOG_COMPILER_APPICON_NAME = AppIcon;
				DEVELOPMENT_TEAM = KP2EZ9LGC6;
				INFOPLIST_FILE = ZXWeiBo/Info.plist;
				LD_RUNPATH_SEARCH_PATHS = "$(inherited) @executable_path/Frameworks";
				PRODUCT_BUNDLE_IDENTIFIER = com.zhuxing.ZXWeiBo;
				PRODUCT_NAME = ZXWeiBo;
				SWIFT_VERSION = 3.0;
			};
			name = Release;
		};
		39B37DCA1DC8B98000202E2A /* Debug */ = {
			isa = XCBuildConfiguration;
			baseConfigurationReference = AB3CFCFAE2973C175BF2AA02 /* Pods-ZXWeiBoTests.debug.xcconfig */;
			buildSettings = {
				ALWAYS_EMBED_SWIFT_STANDARD_LIBRARIES = YES;
				BUNDLE_LOADER = "$(TEST_HOST)";
				DEVELOPMENT_TEAM = KP2EZ9LGC6;
				INFOPLIST_FILE = ZXWeiBoTests/Info.plist;
				LD_RUNPATH_SEARCH_PATHS = "$(inherited) @executable_path/Frameworks @loader_path/Frameworks";
				PRODUCT_BUNDLE_IDENTIFIER = com.zhuxing.ZXWeiBoTests;
				PRODUCT_NAME = "$(TARGET_NAME)";
				SWIFT_VERSION = 3.0;
				TEST_HOST = "$(BUILT_PRODUCTS_DIR)/ZXWeiBo.app/ZXWeiBo";
			};
			name = Debug;
		};
		39B37DCB1DC8B98000202E2A /* Release */ = {
			isa = XCBuildConfiguration;
			baseConfigurationReference = 29ACEAF90809D689C4087E43 /* Pods-ZXWeiBoTests.release.xcconfig */;
			buildSettings = {
				ALWAYS_EMBED_SWIFT_STANDARD_LIBRARIES = YES;
				BUNDLE_LOADER = "$(TEST_HOST)";
				DEVELOPMENT_TEAM = KP2EZ9LGC6;
				INFOPLIST_FILE = ZXWeiBoTests/Info.plist;
				LD_RUNPATH_SEARCH_PATHS = "$(inherited) @executable_path/Frameworks @loader_path/Frameworks";
				PRODUCT_BUNDLE_IDENTIFIER = com.zhuxing.ZXWeiBoTests;
				PRODUCT_NAME = "$(TARGET_NAME)";
				SWIFT_VERSION = 3.0;
				TEST_HOST = "$(BUILT_PRODUCTS_DIR)/ZXWeiBo.app/ZXWeiBo";
			};
			name = Release;
		};
		39B37DCD1DC8B98000202E2A /* Debug */ = {
			isa = XCBuildConfiguration;
			baseConfigurationReference = 3EEC7FD2EFAE1B1CADCEB9C7 /* Pods-ZXWeiBoUITests.debug.xcconfig */;
			buildSettings = {
				ALWAYS_EMBED_SWIFT_STANDARD_LIBRARIES = YES;
				DEVELOPMENT_TEAM = KP2EZ9LGC6;
				INFOPLIST_FILE = ZXWeiBoUITests/Info.plist;
				LD_RUNPATH_SEARCH_PATHS = "$(inherited) @executable_path/Frameworks @loader_path/Frameworks";
				PRODUCT_BUNDLE_IDENTIFIER = com.zhuxing.ZXWeiBoUITests;
				PRODUCT_NAME = "$(TARGET_NAME)";
				SWIFT_VERSION = 3.0;
				TEST_TARGET_NAME = ZXWeiBo;
			};
			name = Debug;
		};
		39B37DCE1DC8B98000202E2A /* Release */ = {
			isa = XCBuildConfiguration;
			baseConfigurationReference = C67A0D91F10D5976E1C431D6 /* Pods-ZXWeiBoUITests.release.xcconfig */;
			buildSettings = {
				ALWAYS_EMBED_SWIFT_STANDARD_LIBRARIES = YES;
				DEVELOPMENT_TEAM = KP2EZ9LGC6;
				INFOPLIST_FILE = ZXWeiBoUITests/Info.plist;
				LD_RUNPATH_SEARCH_PATHS = "$(inherited) @executable_path/Frameworks @loader_path/Frameworks";
				PRODUCT_BUNDLE_IDENTIFIER = com.zhuxing.ZXWeiBoUITests;
				PRODUCT_NAME = "$(TARGET_NAME)";
				SWIFT_VERSION = 3.0;
				TEST_TARGET_NAME = ZXWeiBo;
			};
			name = Release;
		};
/* End XCBuildConfiguration section */

/* Begin XCConfigurationList section */
		39B37D991DC8B98000202E2A /* Build configuration list for PBXProject "ZXWeiBo" */ = {
			isa = XCConfigurationList;
			buildConfigurations = (
				39B37DC41DC8B98000202E2A /* Debug */,
				39B37DC51DC8B98000202E2A /* Release */,
			);
			defaultConfigurationIsVisible = 0;
			defaultConfigurationName = Release;
		};
		39B37DC61DC8B98000202E2A /* Build configuration list for PBXNativeTarget "ZXWeiBo" */ = {
			isa = XCConfigurationList;
			buildConfigurations = (
				39B37DC71DC8B98000202E2A /* Debug */,
				39B37DC81DC8B98000202E2A /* Release */,
			);
			defaultConfigurationIsVisible = 0;
			defaultConfigurationName = Release;
		};
		39B37DC91DC8B98000202E2A /* Build configuration list for PBXNativeTarget "ZXWeiBoTests" */ = {
			isa = XCConfigurationList;
			buildConfigurations = (
				39B37DCA1DC8B98000202E2A /* Debug */,
				39B37DCB1DC8B98000202E2A /* Release */,
			);
			defaultConfigurationIsVisible = 0;
			defaultConfigurationName = Release;
		};
		39B37DCC1DC8B98000202E2A /* Build configuration list for PBXNativeTarget "ZXWeiBoUITests" */ = {
			isa = XCConfigurationList;
			buildConfigurations = (
				39B37DCD1DC8B98000202E2A /* Debug */,
				39B37DCE1DC8B98000202E2A /* Release */,
			);
			defaultConfigurationIsVisible = 0;
			defaultConfigurationName = Release;
		};
/* End XCConfigurationList section */
	};
	rootObject = 39B37D961DC8B98000202E2A /* Project object */;
}
